lockfileVersion: '6.0'

settings:
  autoInstallPeers: true
  excludeLinksFromLockfile: false

dependencies:
  '@tosspayments/tosspayments-sdk':
    specifier: ^2.2.4
    version: 2.2.4
  '@types/node':
    specifier: ^22.5.0
    version: 22.5.1
  react-uuid:
    specifier: ^2.0.0
    version: 2.0.0
  vite-tsconfig-paths:
    specifier: ^5.0.1
    version: 5.0.1

packages:

  /@tosspayments/tosspayments-sdk@2.2.4:
    resolution: {integrity: sha512-z0U6KGr0/BXLmJDeUH7b64WdDXjBFOWWvAX3PjD7+dzSJUgArLubhiBEx/XwhRre+JXuX9NMAkqS0aPLonDKgQ==}
    dev: false

  /@types/node@22.5.1:
    resolution: {integrity: sha512-KkHsxej0j9IW1KKOOAA/XBA0z08UFSrRQHErzEfA3Vgq57eXIMYboIlHJuYIfd+lwCQjtKqUu3UnmKbtUc9yRw==}
    dependencies:
      undici-types: 6.19.8
    dev: false

  /debug@4.3.6:
    resolution: {integrity: sha512-O/09Bd4Z1fBrU4VzkhFqVgpPzaGbw6Sm9FEkBT1A/YBXQFGuuSxa1dN2nxgxS34JmKXqYx8CZAwEVoJFImUXIg==}
    engines: {node: '>=6.0'}
    peerDependencies:
      supports-color: '*'
    peerDependenciesMeta:
      supports-color:
        optional: true
    dependencies:
      ms: 2.1.2
    dev: false

  /globrex@0.1.2:
    resolution: {integrity: sha512-uHJgbwAMwNFf5mLst7IWLNg14x1CkeqglJb/K3doi4dw6q2IvAAmM/Y81kevy83wP+Sst+nutFTYOGg3d1lsxg==}
    dev: false

  /ms@2.1.2:
    resolution: {integrity: sha512-sGkPx+VjMtmA6MX27oA4FBFELFCZZ4S4XqeGOXCv68tT+jb3vk/RyaKWP0PTKyWtmLSM0b+adUTEvbs1PEaH2w==}
    dev: false

  /react-uuid@2.0.0:
    resolution: {integrity: sha512-FNUH/8WR/FEtx0Bu6gmt1eONfc413hhvrEXFWUSFGvznUhI4dYoVZA09p7JHoTpnM4WC2D/bG2YSxGKXF4oVLg==}
    deprecated: Package no longer supported. Contact Support at https://www.npmjs.com/support for more info.
    dev: false

  /tsconfck@3.1.1:
    resolution: {integrity: sha512-00eoI6WY57SvZEVjm13stEVE90VkEdJAFGgpFLTsZbJyW/LwFQ7uQxJHWpZ2hzSWgCPKc9AnBnNP+0X7o3hAmQ==}
    engines: {node: ^18 || >=20}
    hasBin: true
    peerDependencies:
      typescript: ^5.0.0
    peerDependenciesMeta:
      typescript:
        optional: true
    dev: false

  /undici-types@6.19.8:
    resolution: {integrity: sha512-ve2KP6f/JnbPBFyobGHuerC9g1FYGn/F8n1LWTwNxCEzd6IfqTwUQcNXgEtmmQ6DlRrC1hrSrBnCZPokRrDHjw==}
    dev: false

  /vite-tsconfig-paths@5.0.1:
    resolution: {integrity: sha512-yqwv+LstU7NwPeNqajZzLEBVpUFU6Dugtb2P84FXuvaoYA+/70l9MHE+GYfYAycVyPSDYZ7mjOFuYBRqlEpTig==}
    peerDependencies:
      vite: '*'
    peerDependenciesMeta:
      vite:
        optional: true
    dependencies:
      debug: 4.3.6
      globrex: 0.1.2
      tsconfck: 3.1.1
    transitivePeerDependencies:
      - supports-color
      - typescript
    dev: false
