# THIS IS AN AUTOGENERATED FILE. DO NOT EDIT THIS FILE DIRECTLY.
# yarn lockfile v1


"@tosspayments/tosspayments-sdk@^2.2.4":
  version "2.2.4"
  resolved "https://registry.yarnpkg.com/@tosspayments/tosspayments-sdk/-/tosspayments-sdk-2.2.4.tgz#9fccc999b63e0b025f72e00b2682164c24d5da43"
  integrity sha512-z0U6KGr0/BXLmJDeUH7b64WdDXjBFOWWvAX3PjD7+dzSJUgArLubhiBEx/XwhRre+JXuX9NMAkqS0aPLonDKgQ==

"@types/node@^22.5.0":
  version "22.5.0"
  resolved "https://registry.yarnpkg.com/@types/node/-/node-22.5.0.tgz#10f01fe9465166b4cab72e75f60d8b99d019f958"
  integrity sha512-DkFrJOe+rfdHTqqMg0bSNlGlQ85hSoh2TPzZyhHsXnMtligRWpxUySiyw8FY14ITt24HVCiQPWxS3KO/QlGmWg==
  dependencies:
    undici-types "~6.19.2"

debug@^4.1.1:
  version "4.3.6"
  resolved "https://registry.yarnpkg.com/debug/-/debug-4.3.6.tgz#2ab2c38fbaffebf8aa95fdfe6d88438c7a13c52b"
  integrity sha512-O/09Bd4Z1fBrU4VzkhFqVgpPzaGbw6Sm9FEkBT1A/YBXQFGuuSxa1dN2nxgxS34JmKXqYx8CZAwEVoJFImUXIg==
  dependencies:
    ms "2.1.2"

globrex@^0.1.2:
  version "0.1.2"
  resolved "https://registry.yarnpkg.com/globrex/-/globrex-0.1.2.tgz#dd5d9ec826232730cd6793a5e33a9302985e6098"
  integrity sha512-uHJgbwAMwNFf5mLst7IWLNg14x1CkeqglJb/K3doi4dw6q2IvAAmM/Y81kevy83wP+Sst+nutFTYOGg3d1lsxg==

ms@2.1.2:
  version "2.1.2"
  resolved "https://registry.yarnpkg.com/ms/-/ms-2.1.2.tgz#d09d1f357b443f493382a8eb3ccd183872ae6009"
  integrity sha512-sGkPx+VjMtmA6MX27oA4FBFELFCZZ4S4XqeGOXCv68tT+jb3vk/RyaKWP0PTKyWtmLSM0b+adUTEvbs1PEaH2w==

react-uuid@^2.0.0:
  version "2.0.0"
  resolved "https://registry.yarnpkg.com/react-uuid/-/react-uuid-2.0.0.tgz#e3c97e190db9eef53cb9dacfcc7314d913a411fa"
  integrity sha512-FNUH/8WR/FEtx0Bu6gmt1eONfc413hhvrEXFWUSFGvznUhI4dYoVZA09p7JHoTpnM4WC2D/bG2YSxGKXF4oVLg==

tsconfck@^3.0.3:
  version "3.1.1"
  resolved "https://registry.yarnpkg.com/tsconfck/-/tsconfck-3.1.1.tgz#c7284913262c293b43b905b8b034f524de4a3162"
  integrity sha512-00eoI6WY57SvZEVjm13stEVE90VkEdJAFGgpFLTsZbJyW/LwFQ7uQxJHWpZ2hzSWgCPKc9AnBnNP+0X7o3hAmQ==

undici-types@~6.19.2:
  version "6.19.8"
  resolved "https://registry.yarnpkg.com/undici-types/-/undici-types-6.19.8.tgz#35111c9d1437ab83a7cdc0abae2f26d88eda0a02"
  integrity sha512-ve2KP6f/JnbPBFyobGHuerC9g1FYGn/F8n1LWTwNxCEzd6IfqTwUQcNXgEtmmQ6DlRrC1hrSrBnCZPokRrDHjw==

vite-tsconfig-paths@^5.0.1:
  version "5.0.1"
  resolved "https://registry.yarnpkg.com/vite-tsconfig-paths/-/vite-tsconfig-paths-5.0.1.tgz#c9387a29c32fd586e4c7f4e2b2da1f0b5c9a7403"
  integrity sha512-yqwv+LstU7NwPeNqajZzLEBVpUFU6Dugtb2P84FXuvaoYA+/70l9MHE+GYfYAycVyPSDYZ7mjOFuYBRqlEpTig==
  dependencies:
    debug "^4.1.1"
    globrex "^0.1.2"
    tsconfck "^3.0.3"
